
Microsoft Visual Studio Solution File, Format Version 12.00
# Visual Studio Version 17
VisualStudioVersion = 17.9.34622.214
MinimumVisualStudioVersion = 10.0.40219.1
Project("{FAE04EC0-301F-11D3-BF4B-00C04F79EFBC}") = "HelloWorld", "HelloWorld\HelloWorld.csproj", "{E10EBB80-ECE0-4811-9226-A743527FDCE6}"
EndProject
Project("{FAE04EC0-301F-11D3-BF4B-00C04F79EFBC}") = "UserInput", "UserInput\UserInput.csproj", "{D4B12B65-12C8-4878-9C00-0E027E8E04E8}"
EndProject
Project("{FAE04EC0-301F-11D3-BF4B-00C04F79EFBC}") = "String", "String\String.csproj", "{CE8F856E-3063-4C1E-A4E0-BA0AC640AAC2}"
EndProject
Project("{FAE04EC0-301F-11D3-BF4B-00C04F79EFBC}") = "Loop", "Loop\Loop.csproj", "{F5FA3887-FA35-4FA3-9AA9-DA13FE42FB75}"
EndProject
Project("{FAE04EC0-301F-11D3-BF4B-00C04F79EFBC}") = "array", "array\array.csproj", "{D77A8766-FB72-4105-AF2D-828CAFE42108}"
EndProject
Project("{FAE04EC0-301F-11D3-BF4B-00C04F79EFBC}") = "Randice", "Randice\Randice.csproj", "{400EAAD8-7B4E-44AA-90D4-EBB0365632A4}"
EndProject
Project("{FAE04EC0-301F-11D3-BF4B-00C04F79EFBC}") = "Overload Method", "Overload Method\Overload Method.csproj", "{3BAF5A86-0057-4151-A4A7-D99CAE7E9E89}"
EndProject
Project("{FAE04EC0-301F-11D3-BF4B-00C04F79EFBC}") = "Math Class", "Math Class\Math Class.csproj", "{4F1C8AAB-70FE-4759-9BC5-4B00D9EF9B53}"
EndProject
Project("{FAE04EC0-301F-11D3-BF4B-00C04F79EFBC}") = "Bool Expression", "Bool Expression\Bool Expression.csproj", "{CB071594-6891-418A-86E2-9995E432DFCE}"
EndProject
Project("{FAE04EC0-301F-11D3-BF4B-00C04F79EFBC}") = "ElseIfPrize", "ElseIfPrize\ElseIfPrize.csproj", "{A80BBFBF-F108-42EB-A7DC-DB34EA70E76E}"
EndProject
Project("{FAE04EC0-301F-11D3-BF4B-00C04F79EFBC}") = "Business Rule", "Business Rule\Business Rule.csproj", "{A1CD0CA8-0890-410A-AFC7-752ABE9AB285}"
EndProject
Project("{FAE04EC0-301F-11D3-BF4B-00C04F79EFBC}") = "w3 Classes", "w3 Classes\w3 Classes.csproj", "{DC61D637-FCC8-4D09-904A-761BC4AF91CA}"
EndProject
Project("{FAE04EC0-301F-11D3-BF4B-00C04F79EFBC}") = "Assignment", "Assignment\Assignment.csproj", "{8CD2C4E9-3E51-4F2E-A876-BC600EB8E715}"
EndProject
Project("{FAE04EC0-301F-11D3-BF4B-00C04F79EFBC}") = "foreach", "foreach\foreach.csproj", "{08F9BFEA-4A54-4485-AB8F-B025506C9165}"
EndProject
Project("{FAE04EC0-301F-11D3-BF4B-00C04F79EFBC}") = "else if FCC", "else if FCC\else if FCC.csproj", "{226461E4-AAB8-446B-9E36-CD52E72E1676}"
EndProject
Project("{FAE04EC0-301F-11D3-BF4B-00C04F79EFBC}") = "Admin,Manager Privileges", "Admin,Manager Privileges\Admin,Manager Privileges.csproj", "{D1C365AE-72A2-4226-B223-C209D4608BCD}"
EndProject
Project("{FAE04EC0-301F-11D3-BF4B-00C04F79EFBC}") = "Bool FCC", "Bool FCC\Bool FCC.csproj", "{8DD0AE89-E927-4AC3-9459-EEFE2E271167}"
EndProject
Project("{FAE04EC0-301F-11D3-BF4B-00C04F79EFBC}") = "Code block Var Scope FCC", "Code block Var Scope FCC\Code block Var Scope FCC.csproj", "{F20C2A8A-486E-4D67-AF08-6A1A745F7702}"
EndProject
Project("{FAE04EC0-301F-11D3-BF4B-00C04F79EFBC}") = "switch case FCC", "switch case FCC\switch case FCC.csproj", "{B310FD36-B3A8-4CD7-BE50-E029A01082A7}"
EndProject
Project("{FAE04EC0-301F-11D3-BF4B-00C04F79EFBC}") = "For FCC", "For FCC\For FCC.csproj", "{CE5704F4-094D-405A-87C9-16FF27979C96}"
EndProject
Project("{FAE04EC0-301F-11D3-BF4B-00C04F79EFBC}") = "DoWhile FCC", "DoWhile FCC\DoWhile FCC.csproj", "{B970E687-5DBB-41B5-B0F8-BA5E87191968}"
EndProject
Project("{FAE04EC0-301F-11D3-BF4B-00C04F79EFBC}") = "Reference Types", "Reference Types\Reference Types.csproj", "{256B332D-DCD2-4A39-B6F0-4D146BB0D910}"
EndProject
Project("{FAE04EC0-301F-11D3-BF4B-00C04F79EFBC}") = "Convert Cast", "Convert Cast\Convert Cast.csproj", "{BEC977D0-2E59-4C3C-A0E4-24A41763860C}"
EndProject
Project("{FAE04EC0-301F-11D3-BF4B-00C04F79EFBC}") = "TryParse", "TryParse\TryParse.csproj", "{65770E87-AF5F-4383-84F2-565868B12916}"
EndProject
Project("{FAE04EC0-301F-11D3-BF4B-00C04F79EFBC}") = "Pallets", "Pallets\Pallets.csproj", "{E9BE44EF-E445-4A94-A613-38AB4872E4C5}"
EndProject
Project("{FAE04EC0-301F-11D3-BF4B-00C04F79EFBC}") = "String Format", "String Format\String Format.csproj", "{9A80EB6F-9EAF-4228-952B-2992A7FAEAA7}"
EndProject
Project("{FAE04EC0-301F-11D3-BF4B-00C04F79EFBC}") = "Interpolation", "Interpolation\Interpolation.csproj", "{BD1B0D09-81AC-4893-83AC-FE5BC63380A8}"
EndProject
Project("{FAE04EC0-301F-11D3-BF4B-00C04F79EFBC}") = "Padding", "Padding\Padding.csproj", "{822091A9-FBB8-4B12-A9DA-A21342B845BA}"
EndProject
Project("{FAE04EC0-301F-11D3-BF4B-00C04F79EFBC}") = "Index Of", "Index Of\Index Of.csproj", "{E4AB7690-A1B4-4101-9EF8-B3C0439F2CD0}"
EndProject
Project("{FAE04EC0-301F-11D3-BF4B-00C04F79EFBC}") = "SubString", "SubString\SubString.csproj", "{DE7E928F-4C76-423D-8736-0F33786B60E5}"
EndProject
Project("{FAE04EC0-301F-11D3-BF4B-00C04F79EFBC}") = "Last Index Of", "Last Index Of\Last Index Of.csproj", "{06FF655E-56DF-4D8D-A498-EAAED9114BB0}"
EndProject
Project("{FAE04EC0-301F-11D3-BF4B-00C04F79EFBC}") = "Looping in IndexOf", "Looping in IndexOf\Looping in IndexOf.csproj", "{D80781AA-057F-4007-B8F5-CE5F2BB679DB}"
EndProject
Project("{FAE04EC0-301F-11D3-BF4B-00C04F79EFBC}") = "IndexOfAny", "IndexOfAny\IndexOfAny.csproj", "{2259C463-E04C-4518-BECB-5EDE895D7184}"
EndProject
Project("{FAE04EC0-301F-11D3-BF4B-00C04F79EFBC}") = "Extract Replace Remove", "Extract Replace Remove\Extract Replace Remove.csproj", "{260F6CC4-1E6A-4281-A0AB-23DFBFD3B645}"
EndProject
Project("{FAE04EC0-301F-11D3-BF4B-00C04F79EFBC}") = "MiniP Search Animation", "MiniP Search Animation\MiniP Search Animation.csproj", "{C1B502F5-723A-466B-9C35-924EA5D488F2}"
EndProject
Project("{FAE04EC0-301F-11D3-BF4B-00C04F79EFBC}") = "Method Scope", "Method Scope\Method Scope.csproj", "{10B97ECB-1CA4-4520-89DA-672215CDF571}"
EndProject
Project("{FAE04EC0-301F-11D3-BF4B-00C04F79EFBC}") = "Money Exchange USD2VND", "Money Exchange USD2VND\Money Exchange USD2VND.csproj", "{3FAF35BF-408E-4BF0-8AC2-80DC304A7767}"
EndProject
Project("{FAE04EC0-301F-11D3-BF4B-00C04F79EFBC}") = "MiniP Visiting Zoo", "MiniP Visiting Zoo\MiniP Visiting Zoo.csproj", "{2F75A8D1-8FF8-45C5-BB57-D3F84228E57B}"
EndProject
Project("{FAE04EC0-301F-11D3-BF4B-00C04F79EFBC}") = "Debugging", "Debugging\Debugging.csproj", "{12F4E510-4381-49DA-B7EB-0D117B7CAA4B}"
EndProject
Project("{FAE04EC0-301F-11D3-BF4B-00C04F79EFBC}") = "TryCatchINdowhile", "TryCatchINdowhile\TryCatchINdowhile.csproj", "{6DB2F3B1-76E7-49CF-8611-3913B4AD210A}"
EndProject
Project("{FAE04EC0-301F-11D3-BF4B-00C04F79EFBC}") = "consoletesting", "consoletesting\consoletesting.csproj", "{B6F0D2DF-87B7-4B28-BBF0-2F3B794F4413}"
EndProject
Global
	GlobalSection(SolutionConfigurationPlatforms) = preSolution
		Debug|Any CPU = Debug|Any CPU
		Release|Any CPU = Release|Any CPU
	EndGlobalSection
	GlobalSection(ProjectConfigurationPlatforms) = postSolution
		{E10EBB80-ECE0-4811-9226-A743527FDCE6}.Debug|Any CPU.ActiveCfg = Debug|Any CPU
		{E10EBB80-ECE0-4811-9226-A743527FDCE6}.Debug|Any CPU.Build.0 = Debug|Any CPU
		{E10EBB80-ECE0-4811-9226-A743527FDCE6}.Release|Any CPU.ActiveCfg = Release|Any CPU
		{E10EBB80-ECE0-4811-9226-A743527FDCE6}.Release|Any CPU.Build.0 = Release|Any CPU
		{D4B12B65-12C8-4878-9C00-0E027E8E04E8}.Debug|Any CPU.ActiveCfg = Debug|Any CPU
		{D4B12B65-12C8-4878-9C00-0E027E8E04E8}.Debug|Any CPU.Build.0 = Debug|Any CPU
		{D4B12B65-12C8-4878-9C00-0E027E8E04E8}.Release|Any CPU.ActiveCfg = Release|Any CPU
		{D4B12B65-12C8-4878-9C00-0E027E8E04E8}.Release|Any CPU.Build.0 = Release|Any CPU
		{CE8F856E-3063-4C1E-A4E0-BA0AC640AAC2}.Debug|Any CPU.ActiveCfg = Debug|Any CPU
		{CE8F856E-3063-4C1E-A4E0-BA0AC640AAC2}.Debug|Any CPU.Build.0 = Debug|Any CPU
		{CE8F856E-3063-4C1E-A4E0-BA0AC640AAC2}.Release|Any CPU.ActiveCfg = Release|Any CPU
		{CE8F856E-3063-4C1E-A4E0-BA0AC640AAC2}.Release|Any CPU.Build.0 = Release|Any CPU
		{F5FA3887-FA35-4FA3-9AA9-DA13FE42FB75}.Debug|Any CPU.ActiveCfg = Debug|Any CPU
		{F5FA3887-FA35-4FA3-9AA9-DA13FE42FB75}.Debug|Any CPU.Build.0 = Debug|Any CPU
		{F5FA3887-FA35-4FA3-9AA9-DA13FE42FB75}.Release|Any CPU.ActiveCfg = Release|Any CPU
		{F5FA3887-FA35-4FA3-9AA9-DA13FE42FB75}.Release|Any CPU.Build.0 = Release|Any CPU
		{D77A8766-FB72-4105-AF2D-828CAFE42108}.Debug|Any CPU.ActiveCfg = Debug|Any CPU
		{D77A8766-FB72-4105-AF2D-828CAFE42108}.Debug|Any CPU.Build.0 = Debug|Any CPU
		{D77A8766-FB72-4105-AF2D-828CAFE42108}.Release|Any CPU.ActiveCfg = Release|Any CPU
		{D77A8766-FB72-4105-AF2D-828CAFE42108}.Release|Any CPU.Build.0 = Release|Any CPU
		{400EAAD8-7B4E-44AA-90D4-EBB0365632A4}.Debug|Any CPU.ActiveCfg = Debug|Any CPU
		{400EAAD8-7B4E-44AA-90D4-EBB0365632A4}.Debug|Any CPU.Build.0 = Debug|Any CPU
		{400EAAD8-7B4E-44AA-90D4-EBB0365632A4}.Release|Any CPU.ActiveCfg = Release|Any CPU
		{400EAAD8-7B4E-44AA-90D4-EBB0365632A4}.Release|Any CPU.Build.0 = Release|Any CPU
		{3BAF5A86-0057-4151-A4A7-D99CAE7E9E89}.Debug|Any CPU.ActiveCfg = Debug|Any CPU
		{3BAF5A86-0057-4151-A4A7-D99CAE7E9E89}.Debug|Any CPU.Build.0 = Debug|Any CPU
		{3BAF5A86-0057-4151-A4A7-D99CAE7E9E89}.Release|Any CPU.ActiveCfg = Release|Any CPU
		{3BAF5A86-0057-4151-A4A7-D99CAE7E9E89}.Release|Any CPU.Build.0 = Release|Any CPU
		{4F1C8AAB-70FE-4759-9BC5-4B00D9EF9B53}.Debug|Any CPU.ActiveCfg = Debug|Any CPU
		{4F1C8AAB-70FE-4759-9BC5-4B00D9EF9B53}.Debug|Any CPU.Build.0 = Debug|Any CPU
		{4F1C8AAB-70FE-4759-9BC5-4B00D9EF9B53}.Release|Any CPU.ActiveCfg = Release|Any CPU
		{4F1C8AAB-70FE-4759-9BC5-4B00D9EF9B53}.Release|Any CPU.Build.0 = Release|Any CPU
		{CB071594-6891-418A-86E2-9995E432DFCE}.Debug|Any CPU.ActiveCfg = Debug|Any CPU
		{CB071594-6891-418A-86E2-9995E432DFCE}.Debug|Any CPU.Build.0 = Debug|Any CPU
		{CB071594-6891-418A-86E2-9995E432DFCE}.Release|Any CPU.ActiveCfg = Release|Any CPU
		{CB071594-6891-418A-86E2-9995E432DFCE}.Release|Any CPU.Build.0 = Release|Any CPU
		{A80BBFBF-F108-42EB-A7DC-DB34EA70E76E}.Debug|Any CPU.ActiveCfg = Debug|Any CPU
		{A80BBFBF-F108-42EB-A7DC-DB34EA70E76E}.Debug|Any CPU.Build.0 = Debug|Any CPU
		{A80BBFBF-F108-42EB-A7DC-DB34EA70E76E}.Release|Any CPU.ActiveCfg = Release|Any CPU
		{A80BBFBF-F108-42EB-A7DC-DB34EA70E76E}.Release|Any CPU.Build.0 = Release|Any CPU
		{A1CD0CA8-0890-410A-AFC7-752ABE9AB285}.Debug|Any CPU.ActiveCfg = Debug|Any CPU
		{A1CD0CA8-0890-410A-AFC7-752ABE9AB285}.Debug|Any CPU.Build.0 = Debug|Any CPU
		{A1CD0CA8-0890-410A-AFC7-752ABE9AB285}.Release|Any CPU.ActiveCfg = Release|Any CPU
		{A1CD0CA8-0890-410A-AFC7-752ABE9AB285}.Release|Any CPU.Build.0 = Release|Any CPU
		{DC61D637-FCC8-4D09-904A-761BC4AF91CA}.Debug|Any CPU.ActiveCfg = Debug|Any CPU
		{DC61D637-FCC8-4D09-904A-761BC4AF91CA}.Debug|Any CPU.Build.0 = Debug|Any CPU
		{DC61D637-FCC8-4D09-904A-761BC4AF91CA}.Release|Any CPU.ActiveCfg = Release|Any CPU
		{DC61D637-FCC8-4D09-904A-761BC4AF91CA}.Release|Any CPU.Build.0 = Release|Any CPU
		{8CD2C4E9-3E51-4F2E-A876-BC600EB8E715}.Debug|Any CPU.ActiveCfg = Debug|Any CPU
		{8CD2C4E9-3E51-4F2E-A876-BC600EB8E715}.Debug|Any CPU.Build.0 = Debug|Any CPU
		{8CD2C4E9-3E51-4F2E-A876-BC600EB8E715}.Release|Any CPU.ActiveCfg = Release|Any CPU
		{8CD2C4E9-3E51-4F2E-A876-BC600EB8E715}.Release|Any CPU.Build.0 = Release|Any CPU
		{08F9BFEA-4A54-4485-AB8F-B025506C9165}.Debug|Any CPU.ActiveCfg = Debug|Any CPU
		{08F9BFEA-4A54-4485-AB8F-B025506C9165}.Debug|Any CPU.Build.0 = Debug|Any CPU
		{08F9BFEA-4A54-4485-AB8F-B025506C9165}.Release|Any CPU.ActiveCfg = Release|Any CPU
		{08F9BFEA-4A54-4485-AB8F-B025506C9165}.Release|Any CPU.Build.0 = Release|Any CPU
		{226461E4-AAB8-446B-9E36-CD52E72E1676}.Debug|Any CPU.ActiveCfg = Debug|Any CPU
		{226461E4-AAB8-446B-9E36-CD52E72E1676}.Debug|Any CPU.Build.0 = Debug|Any CPU
		{226461E4-AAB8-446B-9E36-CD52E72E1676}.Release|Any CPU.ActiveCfg = Release|Any CPU
		{226461E4-AAB8-446B-9E36-CD52E72E1676}.Release|Any CPU.Build.0 = Release|Any CPU
		{D1C365AE-72A2-4226-B223-C209D4608BCD}.Debug|Any CPU.ActiveCfg = Debug|Any CPU
		{D1C365AE-72A2-4226-B223-C209D4608BCD}.Debug|Any CPU.Build.0 = Debug|Any CPU
		{D1C365AE-72A2-4226-B223-C209D4608BCD}.Release|Any CPU.ActiveCfg = Release|Any CPU
		{D1C365AE-72A2-4226-B223-C209D4608BCD}.Release|Any CPU.Build.0 = Release|Any CPU
		{8DD0AE89-E927-4AC3-9459-EEFE2E271167}.Debug|Any CPU.ActiveCfg = Debug|Any CPU
		{8DD0AE89-E927-4AC3-9459-EEFE2E271167}.Debug|Any CPU.Build.0 = Debug|Any CPU
		{8DD0AE89-E927-4AC3-9459-EEFE2E271167}.Release|Any CPU.ActiveCfg = Release|Any CPU
		{8DD0AE89-E927-4AC3-9459-EEFE2E271167}.Release|Any CPU.Build.0 = Release|Any CPU
		{F20C2A8A-486E-4D67-AF08-6A1A745F7702}.Debug|Any CPU.ActiveCfg = Debug|Any CPU
		{F20C2A8A-486E-4D67-AF08-6A1A745F7702}.Debug|Any CPU.Build.0 = Debug|Any CPU
		{F20C2A8A-486E-4D67-AF08-6A1A745F7702}.Release|Any CPU.ActiveCfg = Release|Any CPU
		{F20C2A8A-486E-4D67-AF08-6A1A745F7702}.Release|Any CPU.Build.0 = Release|Any CPU
		{B310FD36-B3A8-4CD7-BE50-E029A01082A7}.Debug|Any CPU.ActiveCfg = Debug|Any CPU
		{B310FD36-B3A8-4CD7-BE50-E029A01082A7}.Debug|Any CPU.Build.0 = Debug|Any CPU
		{B310FD36-B3A8-4CD7-BE50-E029A01082A7}.Release|Any CPU.ActiveCfg = Release|Any CPU
		{B310FD36-B3A8-4CD7-BE50-E029A01082A7}.Release|Any CPU.Build.0 = Release|Any CPU
		{CE5704F4-094D-405A-87C9-16FF27979C96}.Debug|Any CPU.ActiveCfg = Debug|Any CPU
		{CE5704F4-094D-405A-87C9-16FF27979C96}.Debug|Any CPU.Build.0 = Debug|Any CPU
		{CE5704F4-094D-405A-87C9-16FF27979C96}.Release|Any CPU.ActiveCfg = Release|Any CPU
		{CE5704F4-094D-405A-87C9-16FF27979C96}.Release|Any CPU.Build.0 = Release|Any CPU
		{B970E687-5DBB-41B5-B0F8-BA5E87191968}.Debug|Any CPU.ActiveCfg = Debug|Any CPU
		{B970E687-5DBB-41B5-B0F8-BA5E87191968}.Debug|Any CPU.Build.0 = Debug|Any CPU
		{B970E687-5DBB-41B5-B0F8-BA5E87191968}.Release|Any CPU.ActiveCfg = Release|Any CPU
		{B970E687-5DBB-41B5-B0F8-BA5E87191968}.Release|Any CPU.Build.0 = Release|Any CPU
		{256B332D-DCD2-4A39-B6F0-4D146BB0D910}.Debug|Any CPU.ActiveCfg = Debug|Any CPU
		{256B332D-DCD2-4A39-B6F0-4D146BB0D910}.Debug|Any CPU.Build.0 = Debug|Any CPU
		{256B332D-DCD2-4A39-B6F0-4D146BB0D910}.Release|Any CPU.ActiveCfg = Release|Any CPU
		{256B332D-DCD2-4A39-B6F0-4D146BB0D910}.Release|Any CPU.Build.0 = Release|Any CPU
		{BEC977D0-2E59-4C3C-A0E4-24A41763860C}.Debug|Any CPU.ActiveCfg = Debug|Any CPU
		{BEC977D0-2E59-4C3C-A0E4-24A41763860C}.Debug|Any CPU.Build.0 = Debug|Any CPU
		{BEC977D0-2E59-4C3C-A0E4-24A41763860C}.Release|Any CPU.ActiveCfg = Release|Any CPU
		{BEC977D0-2E59-4C3C-A0E4-24A41763860C}.Release|Any CPU.Build.0 = Release|Any CPU
		{65770E87-AF5F-4383-84F2-565868B12916}.Debug|Any CPU.ActiveCfg = Debug|Any CPU
		{65770E87-AF5F-4383-84F2-565868B12916}.Debug|Any CPU.Build.0 = Debug|Any CPU
		{65770E87-AF5F-4383-84F2-565868B12916}.Release|Any CPU.ActiveCfg = Release|Any CPU
		{65770E87-AF5F-4383-84F2-565868B12916}.Release|Any CPU.Build.0 = Release|Any CPU
		{E9BE44EF-E445-4A94-A613-38AB4872E4C5}.Debug|Any CPU.ActiveCfg = Debug|Any CPU
		{E9BE44EF-E445-4A94-A613-38AB4872E4C5}.Debug|Any CPU.Build.0 = Debug|Any CPU
		{E9BE44EF-E445-4A94-A613-38AB4872E4C5}.Release|Any CPU.ActiveCfg = Release|Any CPU
		{E9BE44EF-E445-4A94-A613-38AB4872E4C5}.Release|Any CPU.Build.0 = Release|Any CPU
		{9A80EB6F-9EAF-4228-952B-2992A7FAEAA7}.Debug|Any CPU.ActiveCfg = Debug|Any CPU
		{9A80EB6F-9EAF-4228-952B-2992A7FAEAA7}.Debug|Any CPU.Build.0 = Debug|Any CPU
		{9A80EB6F-9EAF-4228-952B-2992A7FAEAA7}.Release|Any CPU.ActiveCfg = Release|Any CPU
		{9A80EB6F-9EAF-4228-952B-2992A7FAEAA7}.Release|Any CPU.Build.0 = Release|Any CPU
		{BD1B0D09-81AC-4893-83AC-FE5BC63380A8}.Debug|Any CPU.ActiveCfg = Debug|Any CPU
		{BD1B0D09-81AC-4893-83AC-FE5BC63380A8}.Debug|Any CPU.Build.0 = Debug|Any CPU
		{BD1B0D09-81AC-4893-83AC-FE5BC63380A8}.Release|Any CPU.ActiveCfg = Release|Any CPU
		{BD1B0D09-81AC-4893-83AC-FE5BC63380A8}.Release|Any CPU.Build.0 = Release|Any CPU
		{822091A9-FBB8-4B12-A9DA-A21342B845BA}.Debug|Any CPU.ActiveCfg = Debug|Any CPU
		{822091A9-FBB8-4B12-A9DA-A21342B845BA}.Debug|Any CPU.Build.0 = Debug|Any CPU
		{822091A9-FBB8-4B12-A9DA-A21342B845BA}.Release|Any CPU.ActiveCfg = Release|Any CPU
		{822091A9-FBB8-4B12-A9DA-A21342B845BA}.Release|Any CPU.Build.0 = Release|Any CPU
		{E4AB7690-A1B4-4101-9EF8-B3C0439F2CD0}.Debug|Any CPU.ActiveCfg = Debug|Any CPU
		{E4AB7690-A1B4-4101-9EF8-B3C0439F2CD0}.Debug|Any CPU.Build.0 = Debug|Any CPU
		{E4AB7690-A1B4-4101-9EF8-B3C0439F2CD0}.Release|Any CPU.ActiveCfg = Release|Any CPU
		{E4AB7690-A1B4-4101-9EF8-B3C0439F2CD0}.Release|Any CPU.Build.0 = Release|Any CPU
		{DE7E928F-4C76-423D-8736-0F33786B60E5}.Debug|Any CPU.ActiveCfg = Debug|Any CPU
		{DE7E928F-4C76-423D-8736-0F33786B60E5}.Debug|Any CPU.Build.0 = Debug|Any CPU
		{DE7E928F-4C76-423D-8736-0F33786B60E5}.Release|Any CPU.ActiveCfg = Release|Any CPU
		{DE7E928F-4C76-423D-8736-0F33786B60E5}.Release|Any CPU.Build.0 = Release|Any CPU
		{06FF655E-56DF-4D8D-A498-EAAED9114BB0}.Debug|Any CPU.ActiveCfg = Debug|Any CPU
		{06FF655E-56DF-4D8D-A498-EAAED9114BB0}.Debug|Any CPU.Build.0 = Debug|Any CPU
		{06FF655E-56DF-4D8D-A498-EAAED9114BB0}.Release|Any CPU.ActiveCfg = Release|Any CPU
		{06FF655E-56DF-4D8D-A498-EAAED9114BB0}.Release|Any CPU.Build.0 = Release|Any CPU
		{D80781AA-057F-4007-B8F5-CE5F2BB679DB}.Debug|Any CPU.ActiveCfg = Debug|Any CPU
		{D80781AA-057F-4007-B8F5-CE5F2BB679DB}.Debug|Any CPU.Build.0 = Debug|Any CPU
		{D80781AA-057F-4007-B8F5-CE5F2BB679DB}.Release|Any CPU.ActiveCfg = Release|Any CPU
		{D80781AA-057F-4007-B8F5-CE5F2BB679DB}.Release|Any CPU.Build.0 = Release|Any CPU
		{2259C463-E04C-4518-BECB-5EDE895D7184}.Debug|Any CPU.ActiveCfg = Debug|Any CPU
		{2259C463-E04C-4518-BECB-5EDE895D7184}.Debug|Any CPU.Build.0 = Debug|Any CPU
		{2259C463-E04C-4518-BECB-5EDE895D7184}.Release|Any CPU.ActiveCfg = Release|Any CPU
		{2259C463-E04C-4518-BECB-5EDE895D7184}.Release|Any CPU.Build.0 = Release|Any CPU
		{260F6CC4-1E6A-4281-A0AB-23DFBFD3B645}.Debug|Any CPU.ActiveCfg = Debug|Any CPU
		{260F6CC4-1E6A-4281-A0AB-23DFBFD3B645}.Debug|Any CPU.Build.0 = Debug|Any CPU
		{260F6CC4-1E6A-4281-A0AB-23DFBFD3B645}.Release|Any CPU.ActiveCfg = Release|Any CPU
		{260F6CC4-1E6A-4281-A0AB-23DFBFD3B645}.Release|Any CPU.Build.0 = Release|Any CPU
		{C1B502F5-723A-466B-9C35-924EA5D488F2}.Debug|Any CPU.ActiveCfg = Debug|Any CPU
		{C1B502F5-723A-466B-9C35-924EA5D488F2}.Debug|Any CPU.Build.0 = Debug|Any CPU
		{C1B502F5-723A-466B-9C35-924EA5D488F2}.Release|Any CPU.ActiveCfg = Release|Any CPU
		{C1B502F5-723A-466B-9C35-924EA5D488F2}.Release|Any CPU.Build.0 = Release|Any CPU
		{10B97ECB-1CA4-4520-89DA-672215CDF571}.Debug|Any CPU.ActiveCfg = Debug|Any CPU
		{10B97ECB-1CA4-4520-89DA-672215CDF571}.Debug|Any CPU.Build.0 = Debug|Any CPU
		{10B97ECB-1CA4-4520-89DA-672215CDF571}.Release|Any CPU.ActiveCfg = Release|Any CPU
		{10B97ECB-1CA4-4520-89DA-672215CDF571}.Release|Any CPU.Build.0 = Release|Any CPU
		{3FAF35BF-408E-4BF0-8AC2-80DC304A7767}.Debug|Any CPU.ActiveCfg = Debug|Any CPU
		{3FAF35BF-408E-4BF0-8AC2-80DC304A7767}.Debug|Any CPU.Build.0 = Debug|Any CPU
		{3FAF35BF-408E-4BF0-8AC2-80DC304A7767}.Release|Any CPU.ActiveCfg = Release|Any CPU
		{3FAF35BF-408E-4BF0-8AC2-80DC304A7767}.Release|Any CPU.Build.0 = Release|Any CPU
		{2F75A8D1-8FF8-45C5-BB57-D3F84228E57B}.Debug|Any CPU.ActiveCfg = Debug|Any CPU
		{2F75A8D1-8FF8-45C5-BB57-D3F84228E57B}.Debug|Any CPU.Build.0 = Debug|Any CPU
		{2F75A8D1-8FF8-45C5-BB57-D3F84228E57B}.Release|Any CPU.ActiveCfg = Release|Any CPU
		{2F75A8D1-8FF8-45C5-BB57-D3F84228E57B}.Release|Any CPU.Build.0 = Release|Any CPU
		{12F4E510-4381-49DA-B7EB-0D117B7CAA4B}.Debug|Any CPU.ActiveCfg = Debug|Any CPU
		{12F4E510-4381-49DA-B7EB-0D117B7CAA4B}.Debug|Any CPU.Build.0 = Debug|Any CPU
		{12F4E510-4381-49DA-B7EB-0D117B7CAA4B}.Release|Any CPU.ActiveCfg = Release|Any CPU
		{12F4E510-4381-49DA-B7EB-0D117B7CAA4B}.Release|Any CPU.Build.0 = Release|Any CPU
		{6DB2F3B1-76E7-49CF-8611-3913B4AD210A}.Debug|Any CPU.ActiveCfg = Debug|Any CPU
		{6DB2F3B1-76E7-49CF-8611-3913B4AD210A}.Debug|Any CPU.Build.0 = Debug|Any CPU
		{6DB2F3B1-76E7-49CF-8611-3913B4AD210A}.Release|Any CPU.ActiveCfg = Release|Any CPU
		{6DB2F3B1-76E7-49CF-8611-3913B4AD210A}.Release|Any CPU.Build.0 = Release|Any CPU
		{B6F0D2DF-87B7-4B28-BBF0-2F3B794F4413}.Debug|Any CPU.ActiveCfg = Debug|Any CPU
		{B6F0D2DF-87B7-4B28-BBF0-2F3B794F4413}.Debug|Any CPU.Build.0 = Debug|Any CPU
		{B6F0D2DF-87B7-4B28-BBF0-2F3B794F4413}.Release|Any CPU.ActiveCfg = Release|Any CPU
		{B6F0D2DF-87B7-4B28-BBF0-2F3B794F4413}.Release|Any CPU.Build.0 = Release|Any CPU
	EndGlobalSection
	GlobalSection(SolutionProperties) = preSolution
		HideSolutionNode = FALSE
	EndGlobalSection
	GlobalSection(ExtensibilityGlobals) = postSolution
		SolutionGuid = {68D433F3-AFDE-4C85-9342-1E4F9318247A}
	EndGlobalSection
EndGlobal
